
Microsoft Visual Studio Solution File, Format Version 12.00
# Visual Studio 2013
VisualStudioVersion = 12.0.40629.0
MinimumVisualStudioVersion = 10.0.40219.1
Project("{8BC9CEB8-8B4A-11D0-8D11-00A0C91BC942}") = "30", "30\30.vcxproj", "{DAE607FC-27B9-480A-A3E2-5EF71E4C0642}"
EndProject
Global
	GlobalSection(SolutionConfigurationPlatforms) = preSolution
		Debug|Win32 = Debug|Win32
		Release|Win32 = Release|Win32
	EndGlobalSection
	GlobalSection(ProjectConfigurationPlatforms) = postSolution
		{DAE607FC-27B9-480A-A3E2-5EF71E4C0642}.Debug|Win32.ActiveCfg = Debug|Win32
		{DAE607FC-27B9-480A-A3E2-5EF71E4C0642}.Debug|Win32.Build.0 = Debug|Win32
		{DAE607FC-27B9-480A-A3E2-5EF71E4C0642}.Release|Win32.ActiveCfg = Release|Win32
		{DAE607FC-27B9-480A-A3E2-5EF71E4C0642}.Release|Win32.Build.0 = Release|Win32
	EndGlobalSection
	GlobalSection(SolutionProperties) = preSolution
		HideSolutionNode = FALSE
	EndGlobalSection
EndGlobal
